// !$*UTF8*$!
{
	archiveVersion = 1;
	classes = {
	};
	objectVersion = 50;
	objects = {

/* Begin PBXBuildFile section */
		4DAC6A7B3476E98ED67AF914 /* libPods-fun.a in Frameworks */ = {isa = PBXBuildFile; fileRef = AF468D602B057E134FCCF2E7 /* libPods-fun.a */; };
		EC15795720A57DFE0023FB1F /* AppDelegate.m in Sources */ = {isa = PBXBuildFile; fileRef = EC15795620A57DFE0023FB1F /* AppDelegate.m */; };
		EC15795F20A57E010023FB1F /* Assets.xcassets in Resources */ = {isa = PBXBuildFile; fileRef = EC15795E20A57E010023FB1F /* Assets.xcassets */; };
		EC15796220A57E010023FB1F /* LaunchScreen.storyboard in Resources */ = {isa = PBXBuildFile; fileRef = EC15796020A57E010023FB1F /* LaunchScreen.storyboard */; };
		EC15796520A57E010023FB1F /* main.m in Sources */ = {isa = PBXBuildFile; fileRef = EC15796420A57E010023FB1F /* main.m */; };
		EC15796F20A57E010023FB1F /* funTests.m in Sources */ = {isa = PBXBuildFile; fileRef = EC15796E20A57E010023FB1F /* funTests.m */; };
		EC15797A20A57E010023FB1F /* funUITests.m in Sources */ = {isa = PBXBuildFile; fileRef = EC15797920A57E010023FB1F /* funUITests.m */; };
		EC15798D20A581B00023FB1F /* HomeViewController.m in Sources */ = {isa = PBXBuildFile; fileRef = EC15798C20A581B00023FB1F /* HomeViewController.m */; };
		EC15799120A589D80023FB1F /* NetWorkingManager.m in Sources */ = {isa = PBXBuildFile; fileRef = EC15799020A589D80023FB1F /* NetWorkingManager.m */; };
		EC15799520A58AE20023FB1F /* UIImage+Extension.m in Sources */ = {isa = PBXBuildFile; fileRef = EC15799420A58AE20023FB1F /* UIImage+Extension.m */; };
		EC15799920A5914F0023FB1F /* TextModel.m in Sources */ = {isa = PBXBuildFile; fileRef = EC15799820A5914F0023FB1F /* TextModel.m */; };
		EC15799C20A5994C0023FB1F /* ImageModel.m in Sources */ = {isa = PBXBuildFile; fileRef = EC15799B20A5994C0023FB1F /* ImageModel.m */; };
		EC1579AB20A59D910023FB1F /* XYMenu.m in Sources */ = {isa = PBXBuildFile; fileRef = EC1579A320A59D900023FB1F /* XYMenu.m */; };
		EC1579AC20A59D910023FB1F /* UIBarButtonItem+XYMenu.m in Sources */ = {isa = PBXBuildFile; fileRef = EC1579A620A59D900023FB1F /* UIBarButtonItem+XYMenu.m */; };
		EC1579AD20A59D910023FB1F /* UIView+XYMenu.m in Sources */ = {isa = PBXBuildFile; fileRef = EC1579A820A59D910023FB1F /* UIView+XYMenu.m */; };
		EC1579AE20A59D910023FB1F /* XYMenuItem.m in Sources */ = {isa = PBXBuildFile; fileRef = EC1579A920A59D910023FB1F /* XYMenuItem.m */; };
		EC1579AF20A59D910023FB1F /* XYMenuView.m in Sources */ = {isa = PBXBuildFile; fileRef = EC1579AA20A59D910023FB1F /* XYMenuView.m */; };
		EC21003520A96C4A0096B18C /* AFNManager.m in Sources */ = {isa = PBXBuildFile; fileRef = EC21003420A96C4A0096B18C /* AFNManager.m */; };
		EC21003820A974FC0096B18C /* JokesModel.m in Sources */ = {isa = PBXBuildFile; fileRef = EC21003720A974FC0096B18C /* JokesModel.m */; };
		EC21004020A97F5E0096B18C /* JokesCell.m in Sources */ = {isa = PBXBuildFile; fileRef = EC21003F20A97F5E0096B18C /* JokesCell.m */; };
		EC21004220A980620096B18C /* MyContentViewController.m in Sources */ = {isa = PBXBuildFile; fileRef = EC21004120A980620096B18C /* MyContentViewController.m */; };
		EC21004820A987220096B18C /* PictureModel.m in Sources */ = {isa = PBXBuildFile; fileRef = EC21004720A987220096B18C /* PictureModel.m */; };
		EC21004B20A987860096B18C /* PictureCell.m in Sources */ = {isa = PBXBuildFile; fileRef = EC21004A20A987860096B18C /* PictureCell.m */; };
		EC22003D20AA797000BA6263 /* GifCell.m in Sources */ = {isa = PBXBuildFile; fileRef = EC22003C20AA797000BA6263 /* GifCell.m */; };
		EC22004020AA7ABF00BA6263 /* GifModel.m in Sources */ = {isa = PBXBuildFile; fileRef = EC22003F20AA7ABF00BA6263 /* GifModel.m */; };
		EC22004320AA7D5A00BA6263 /* GetUrlImageSize.m in Sources */ = {isa = PBXBuildFile; fileRef = EC22004220AA7D5A00BA6263 /* GetUrlImageSize.m */; };
		EC22004D20AABCA700BA6263 /* PickerShowView.m in Sources */ = {isa = PBXBuildFile; fileRef = EC22004C20AABCA700BA6263 /* PickerShowView.m */; };
		EC22005020AAC03C00BA6263 /* MBProgressHUD.m in Sources */ = {isa = PBXBuildFile; fileRef = EC22004F20AAC03C00BA6263 /* MBProgressHUD.m */; };
		EC22005320AAC25200BA6263 /* CBSSegmentViewController.m in Sources */ = {isa = PBXBuildFile; fileRef = EC22005220AAC25200BA6263 /* CBSSegmentViewController.m */; };
		EC22005C20AAC6EB00BA6263 /* CleanCache.m in Sources */ = {isa = PBXBuildFile; fileRef = EC22005B20AAC6EB00BA6263 /* CleanCache.m */; };
		EC22005F20AAC75700BA6263 /* PersonViewController.m in Sources */ = {isa = PBXBuildFile; fileRef = EC22005E20AAC75700BA6263 /* PersonViewController.m */; };
		EC229A8320A93AAE00D15750 /* UIView+Extension.m in Sources */ = {isa = PBXBuildFile; fileRef = EC229A8220A93AAE00D15750 /* UIView+Extension.m */; };
		EC229A8B20A9566D00D15750 /* MyImageViewController.m in Sources */ = {isa = PBXBuildFile; fileRef = EC229A8A20A9566D00D15750 /* MyImageViewController.m */; };
		EC229A8E20A9567C00D15750 /* MygifImageViewController.m in Sources */ = {isa = PBXBuildFile; fileRef = EC229A8D20A9567C00D15750 /* MygifImageViewController.m */; };
/* End PBXBuildFile section */

/* Begin PBXContainerItemProxy section */
		EC15796B20A57E010023FB1F /* PBXContainerItemProxy */ = {
			isa = PBXContainerItemProxy;
			containerPortal = EC15794A20A57DFE0023FB1F /* Project object */;
			proxyType = 1;
			remoteGlobalIDString = EC15795120A57DFE0023FB1F;
			remoteInfo = fun;
		};
		EC15797620A57E010023FB1F /* PBXContainerItemProxy */ = {
			isa = PBXContainerItemProxy;
			containerPortal = EC15794A20A57DFE0023FB1F /* Project object */;
			proxyType = 1;
			remoteGlobalIDString = EC15795120A57DFE0023FB1F;
			remoteInfo = fun;
		};
/* End PBXContainerItemProxy section */

/* Begin PBXFileReference section */
		AF468D602B057E134FCCF2E7 /* libPods-fun.a */ = {isa = PBXFileReference; explicitFileType = archive.ar; includeInIndex = 0; path = "libPods-fun.a"; sourceTree = BUILT_PRODUCTS_DIR; };
		D637A9AB0C41AAFACDA54F4B /* Pods-fun.release.xcconfig */ = {isa = PBXFileReference; includeInIndex = 1; lastKnownFileType = text.xcconfig; name = "Pods-fun.release.xcconfig"; path = "Pods/Target Support Files/Pods-fun/Pods-fun.release.xcconfig"; sourceTree = "<group>"; };
		E76BC91D5185F6C8843B3222 /* Pods-fun.debug.xcconfig */ = {isa = PBXFileReference; includeInIndex = 1; lastKnownFileType = text.xcconfig; name = "Pods-fun.debug.xcconfig"; path = "Pods/Target Support Files/Pods-fun/Pods-fun.debug.xcconfig"; sourceTree = "<group>"; };
		EC15795220A57DFE0023FB1F /* fun.app */ = {isa = PBXFileReference; explicitFileType = wrapper.application; includeInIndex = 0; path = fun.app; sourceTree = BUILT_PRODUCTS_DIR; };
		EC15795520A57DFE0023FB1F /* AppDelegate.h */ = {isa = PBXFileReference; lastKnownFileType = sourcecode.c.h; path = AppDelegate.h; sourceTree = "<group>"; };
		EC15795620A57DFE0023FB1F /* AppDelegate.m */ = {isa = PBXFileReference; lastKnownFileType = sourcecode.c.objc; path = AppDelegate.m; sourceTree = "<group>"; };
		EC15795E20A57E010023FB1F /* Assets.xcassets */ = {isa = PBXFileReference; lastKnownFileType = folder.assetcatalog; path = Assets.xcassets; sourceTree = "<group>"; };
		EC15796120A57E010023FB1F /* Base */ = {isa = PBXFileReference; lastKnownFileType = file.storyboard; name = Base; path = Base.lproj/LaunchScreen.storyboard; sourceTree = "<group>"; };
		EC15796320A57E010023FB1F /* Info.plist */ = {isa = PBXFileReference; lastKnownFileType = text.plist.xml; path = Info.plist; sourceTree = "<group>"; };
		EC15796420A57E010023FB1F /* main.m */ = {isa = PBXFileReference; lastKnownFileType = sourcecode.c.objc; path = main.m; sourceTree = "<group>"; };
		EC15796A20A57E010023FB1F /* funTests.xctest */ = {isa = PBXFileReference; explicitFileType = wrapper.cfbundle; includeInIndex = 0; path = funTests.xctest; sourceTree = BUILT_PRODUCTS_DIR; };
		EC15796E20A57E010023FB1F /* funTests.m */ = {isa = PBXFileReference; lastKnownFileType = sourcecode.c.objc; path = funTests.m; sourceTree = "<group>"; };
		EC15797020A57E010023FB1F /* Info.plist */ = {isa = PBXFileReference; lastKnownFileType = text.plist.xml; path = Info.plist; sourceTree = "<group>"; };
		EC15797520A57E010023FB1F /* funUITests.xctest */ = {isa = PBXFileReference; explicitFileType = wrapper.cfbundle; includeInIndex = 0; path = funUITests.xctest; sourceTree = BUILT_PRODUCTS_DIR; };
		EC15797920A57E010023FB1F /* funUITests.m */ = {isa = PBXFileReference; lastKnownFileType = sourcecode.c.objc; path = funUITests.m; sourceTree = "<group>"; };
		EC15797B20A57E010023FB1F /* Info.plist */ = {isa = PBXFileReference; lastKnownFileType = text.plist.xml; path = Info.plist; sourceTree = "<group>"; };
		EC15798B20A581B00023FB1F /* HomeViewController.h */ = {isa = PBXFileReference; lastKnownFileType = sourcecode.c.h; path = HomeViewController.h; sourceTree = "<group>"; };
		EC15798C20A581B00023FB1F /* HomeViewController.m */ = {isa = PBXFileReference; lastKnownFileType = sourcecode.c.objc; path = HomeViewController.m; sourceTree = "<group>"; };
		EC15798F20A589D80023FB1F /* NetWorkingManager.h */ = {isa = PBXFileReference; lastKnownFileType = sourcecode.c.h; path = NetWorkingManager.h; sourceTree = "<group>"; };
		EC15799020A589D80023FB1F /* NetWorkingManager.m */ = {isa = PBXFileReference; lastKnownFileType = sourcecode.c.objc; path = NetWorkingManager.m; sourceTree = "<group>"; };
		EC15799320A58AE20023FB1F /* UIImage+Extension.h */ = {isa = PBXFileReference; lastKnownFileType = sourcecode.c.h; path = "UIImage+Extension.h"; sourceTree = "<group>"; };
		EC15799420A58AE20023FB1F /* UIImage+Extension.m */ = {isa = PBXFileReference; lastKnownFileType = sourcecode.c.objc; path = "UIImage+Extension.m"; sourceTree = "<group>"; };
		EC15799620A58BED0023FB1F /* PrefixHeader.pch */ = {isa = PBXFileReference; lastKnownFileType = sourcecode.c.h; path = PrefixHeader.pch; sourceTree = "<group>"; };
		EC15799720A5914F0023FB1F /* TextModel.h */ = {isa = PBXFileReference; lastKnownFileType = sourcecode.c.h; path = TextModel.h; sourceTree = "<group>"; };
		EC15799820A5914F0023FB1F /* TextModel.m */ = {isa = PBXFileReference; lastKnownFileType = sourcecode.c.objc; path = TextModel.m; sourceTree = "<group>"; };
		EC15799A20A5994C0023FB1F /* ImageModel.h */ = {isa = PBXFileReference; lastKnownFileType = sourcecode.c.h; path = ImageModel.h; sourceTree = "<group>"; };
		EC15799B20A5994C0023FB1F /* ImageModel.m */ = {isa = PBXFileReference; lastKnownFileType = sourcecode.c.objc; path = ImageModel.m; sourceTree = "<group>"; };
		EC1579A120A59D900023FB1F /* UIBarButtonItem+XYMenu.h */ = {isa = PBXFileReference; fileEncoding = 4; lastKnownFileType = sourcecode.c.h; path = "UIBarButtonItem+XYMenu.h"; sourceTree = "<group>"; };
		EC1579A220A59D900023FB1F /* XYMenu.h */ = {isa = PBXFileReference; fileEncoding = 4; lastKnownFileType = sourcecode.c.h; path = XYMenu.h; sourceTree = "<group>"; };
		EC1579A320A59D900023FB1F /* XYMenu.m */ = {isa = PBXFileReference; fileEncoding = 4; lastKnownFileType = sourcecode.c.objc; path = XYMenu.m; sourceTree = "<group>"; };
		EC1579A420A59D900023FB1F /* XYMenuItem.h */ = {isa = PBXFileReference; fileEncoding = 4; lastKnownFileType = sourcecode.c.h; path = XYMenuItem.h; sourceTree = "<group>"; };
		EC1579A520A59D900023FB1F /* XYMenuView.h */ = {isa = PBXFileReference; fileEncoding = 4; lastKnownFileType = sourcecode.c.h; path = XYMenuView.h; sourceTree = "<group>"; };
		EC1579A620A59D900023FB1F /* UIBarButtonItem+XYMenu.m */ = {isa = PBXFileReference; fileEncoding = 4; lastKnownFileType = sourcecode.c.objc; path = "UIBarButtonItem+XYMenu.m"; sourceTree = "<group>"; };
		EC1579A720A59D900023FB1F /* UIView+XYMenu.h */ = {isa = PBXFileReference; fileEncoding = 4; lastKnownFileType = sourcecode.c.h; path = "UIView+XYMenu.h"; sourceTree = "<group>"; };
		EC1579A820A59D910023FB1F /* UIView+XYMenu.m */ = {isa = PBXFileReference; fileEncoding = 4; lastKnownFileType = sourcecode.c.objc; path = "UIView+XYMenu.m"; sourceTree = "<group>"; };
		EC1579A920A59D910023FB1F /* XYMenuItem.m */ = {isa = PBXFileReference; fileEncoding = 4; lastKnownFileType = sourcecode.c.objc; path = XYMenuItem.m; sourceTree = "<group>"; };
		EC1579AA20A59D910023FB1F /* XYMenuView.m */ = {isa = PBXFileReference; fileEncoding = 4; lastKnownFileType = sourcecode.c.objc; path = XYMenuView.m; sourceTree = "<group>"; };
		EC21003320A96C4A0096B18C /* AFNManager.h */ = {isa = PBXFileReference; lastKnownFileType = sourcecode.c.h; path = AFNManager.h; sourceTree = "<group>"; };
		EC21003420A96C4A0096B18C /* AFNManager.m */ = {isa = PBXFileReference; lastKnownFileType = sourcecode.c.objc; path = AFNManager.m; sourceTree = "<group>"; };
		EC21003620A974FC0096B18C /* JokesModel.h */ = {isa = PBXFileReference; lastKnownFileType = sourcecode.c.h; path = JokesModel.h; sourceTree = "<group>"; };
		EC21003720A974FC0096B18C /* JokesModel.m */ = {isa = PBXFileReference; lastKnownFileType = sourcecode.c.objc; path = JokesModel.m; sourceTree = "<group>"; };
		EC21003E20A97F5E0096B18C /* JokesCell.h */ = {isa = PBXFileReference; lastKnownFileType = sourcecode.c.h; path = JokesCell.h; sourceTree = "<group>"; };
		EC21003F20A97F5E0096B18C /* JokesCell.m */ = {isa = PBXFileReference; lastKnownFileType = sourcecode.c.objc; path = JokesCell.m; sourceTree = "<group>"; };
		EC21004120A980620096B18C /* MyContentViewController.m */ = {isa = PBXFileReference; fileEncoding = 4; lastKnownFileType = sourcecode.c.objc; path = MyContentViewController.m; sourceTree = "<group>"; };
		EC21004620A987220096B18C /* PictureModel.h */ = {isa = PBXFileReference; lastKnownFileType = sourcecode.c.h; path = PictureModel.h; sourceTree = "<group>"; };
		EC21004720A987220096B18C /* PictureModel.m */ = {isa = PBXFileReference; lastKnownFileType = sourcecode.c.objc; path = PictureModel.m; sourceTree = "<group>"; };
		EC21004920A987860096B18C /* PictureCell.h */ = {isa = PBXFileReference; lastKnownFileType = sourcecode.c.h; path = PictureCell.h; sourceTree = "<group>"; };
		EC21004A20A987860096B18C /* PictureCell.m */ = {isa = PBXFileReference; lastKnownFileType = sourcecode.c.objc; path = PictureCell.m; sourceTree = "<group>"; };
		EC22003B20AA797000BA6263 /* GifCell.h */ = {isa = PBXFileReference; lastKnownFileType = sourcecode.c.h; path = GifCell.h; sourceTree = "<group>"; };
		EC22003C20AA797000BA6263 /* GifCell.m */ = {isa = PBXFileReference; lastKnownFileType = sourcecode.c.objc; path = GifCell.m; sourceTree = "<group>"; };
		EC22003E20AA7ABF00BA6263 /* GifModel.h */ = {isa = PBXFileReference; lastKnownFileType = sourcecode.c.h; path = GifModel.h; sourceTree = "<group>"; };
		EC22003F20AA7ABF00BA6263 /* GifModel.m */ = {isa = PBXFileReference; lastKnownFileType = sourcecode.c.objc; path = GifModel.m; sourceTree = "<group>"; };
		EC22004120AA7D5A00BA6263 /* GetUrlImageSize.h */ = {isa = PBXFileReference; lastKnownFileType = sourcecode.c.h; path = GetUrlImageSize.h; sourceTree = "<group>"; };
		EC22004220AA7D5A00BA6263 /* GetUrlImageSize.m */ = {isa = PBXFileReference; lastKnownFileType = sourcecode.c.objc; path = GetUrlImageSize.m; sourceTree = "<group>"; };
		EC22004B20AABCA700BA6263 /* PickerShowView.h */ = {isa = PBXFileReference; lastKnownFileType = sourcecode.c.h; path = PickerShowView.h; sourceTree = "<group>"; };
		EC22004C20AABCA700BA6263 /* PickerShowView.m */ = {isa = PBXFileReference; lastKnownFileType = sourcecode.c.objc; path = PickerShowView.m; sourceTree = "<group>"; };
		EC22004E20AAC03C00BA6263 /* MBProgressHUD.h */ = {isa = PBXFileReference; fileEncoding = 4; lastKnownFileType = sourcecode.c.h; path = MBProgressHUD.h; sourceTree = "<group>"; };
		EC22004F20AAC03C00BA6263 /* MBProgressHUD.m */ = {isa = PBXFileReference; fileEncoding = 4; lastKnownFileType = sourcecode.c.objc; path = MBProgressHUD.m; sourceTree = "<group>"; };
		EC22005120AAC25200BA6263 /* CBSSegmentViewController.h */ = {isa = PBXFileReference; fileEncoding = 4; lastKnownFileType = sourcecode.c.h; path = CBSSegmentViewController.h; sourceTree = "<group>"; };
		EC22005220AAC25200BA6263 /* CBSSegmentViewController.m */ = {isa = PBXFileReference; fileEncoding = 4; lastKnownFileType = sourcecode.c.objc; path = CBSSegmentViewController.m; sourceTree = "<group>"; };
		EC22005A20AAC6EB00BA6263 /* CleanCache.h */ = {isa = PBXFileReference; lastKnownFileType = sourcecode.c.h; path = CleanCache.h; sourceTree = "<group>"; };
		EC22005B20AAC6EB00BA6263 /* CleanCache.m */ = {isa = PBXFileReference; lastKnownFileType = sourcecode.c.objc; path = CleanCache.m; sourceTree = "<group>"; };
		EC22005D20AAC75700BA6263 /* PersonViewController.h */ = {isa = PBXFileReference; lastKnownFileType = sourcecode.c.h; path = PersonViewController.h; sourceTree = "<group>"; };
		EC22005E20AAC75700BA6263 /* PersonViewController.m */ = {isa = PBXFileReference; lastKnownFileType = sourcecode.c.objc; path = PersonViewController.m; sourceTree = "<group>"; };
		EC229A6720A92B6500D15750 /* MyContentViewController.h */ = {isa = PBXFileReference; lastKnownFileType = sourcecode.c.h; path = MyContentViewController.h; sourceTree = "<group>"; };
		EC229A8120A93AAE00D15750 /* UIView+Extension.h */ = {isa = PBXFileReference; fileEncoding = 4; lastKnownFileType = sourcecode.c.h; path = "UIView+Extension.h"; sourceTree = "<group>"; };
		EC229A8220A93AAE00D15750 /* UIView+Extension.m */ = {isa = PBXFileReference; fileEncoding = 4; lastKnownFileType = sourcecode.c.objc; path = "UIView+Extension.m"; sourceTree = "<group>"; };
		EC229A8920A9566D00D15750 /* MyImageViewController.h */ = {isa = PBXFileReference; lastKnownFileType = sourcecode.c.h; path = MyImageViewController.h; sourceTree = "<group>"; };
		EC229A8A20A9566D00D15750 /* MyImageViewController.m */ = {isa = PBXFileReference; lastKnownFileType = sourcecode.c.objc; path = MyImageViewController.m; sourceTree = "<group>"; };
		EC229A8C20A9567C00D15750 /* MygifImageViewController.h */ = {isa = PBXFileReference; lastKnownFileType = sourcecode.c.h; path = MygifImageViewController.h; sourceTree = "<group>"; };
		EC229A8D20A9567C00D15750 /* MygifImageViewController.m */ = {isa = PBXFileReference; lastKnownFileType = sourcecode.c.objc; path = MygifImageViewController.m; sourceTree = "<group>"; };
/* End PBXFileReference section */

/* Begin PBXFrameworksBuildPhase section */
		EC15794F20A57DFE0023FB1F /* Frameworks */ = {
			isa = PBXFrameworksBuildPhase;
			buildActionMask = 2147483647;
			files = (
				4DAC6A7B3476E98ED67AF914 /* libPods-fun.a in Frameworks */,
			);
			runOnlyForDeploymentPostprocessing = 0;
		};
		EC15796720A57E010023FB1F /* Frameworks */ = {
			isa = PBXFrameworksBuildPhase;
			buildActionMask = 2147483647;
			files = (
			);
			runOnlyForDeploymentPostprocessing = 0;
		};
		EC15797220A57E010023FB1F /* Frameworks */ = {
			isa = PBXFrameworksBuildPhase;
			buildActionMask = 2147483647;
			files = (
			);
			runOnlyForDeploymentPostprocessing = 0;
		};
/* End PBXFrameworksBuildPhase section */

/* Begin PBXGroup section */
		688C21967077FCC73B33CBFF /* Frameworks */ = {
			isa = PBXGroup;
			children = (
				AF468D602B057E134FCCF2E7 /* libPods-fun.a */,
			);
			name = Frameworks;
			sourceTree = "<group>";
		};
		EC15794920A57DFE0023FB1F = {
			isa = PBXGroup;
			children = (
				EC15795420A57DFE0023FB1F /* fun */,
				EC15796D20A57E010023FB1F /* funTests */,
				EC15797820A57E010023FB1F /* funUITests */,
				EC15795320A57DFE0023FB1F /* Products */,
				F642FA38D391C7AA58BB90D9 /* Pods */,
				688C21967077FCC73B33CBFF /* Frameworks */,
			);
			sourceTree = "<group>";
		};
		EC15795320A57DFE0023FB1F /* Products */ = {
			isa = PBXGroup;
			children = (
				EC15795220A57DFE0023FB1F /* fun.app */,
				EC15796A20A57E010023FB1F /* funTests.xctest */,
				EC15797520A57E010023FB1F /* funUITests.xctest */,
			);
			name = Products;
			sourceTree = "<group>";
		};
		EC15795420A57DFE0023FB1F /* fun */ = {
			isa = PBXGroup;
			children = (
				EC229A8020A93A6500D15750 /* Others */,
				EC15798720A581800023FB1F /* Home */,
				EC15795520A57DFE0023FB1F /* AppDelegate.h */,
				EC15795620A57DFE0023FB1F /* AppDelegate.m */,
				EC15795E20A57E010023FB1F /* Assets.xcassets */,
				EC15796020A57E010023FB1F /* LaunchScreen.storyboard */,
				EC15796320A57E010023FB1F /* Info.plist */,
				EC15796420A57E010023FB1F /* main.m */,
			);
			path = fun;
			sourceTree = "<group>";
		};
		EC15796D20A57E010023FB1F /* funTests */ = {
			isa = PBXGroup;
			children = (
				EC15796E20A57E010023FB1F /* funTests.m */,
				EC15797020A57E010023FB1F /* Info.plist */,
			);
			path = funTests;
			sourceTree = "<group>";
		};
		EC15797820A57E010023FB1F /* funUITests */ = {
			isa = PBXGroup;
			children = (
				EC15797920A57E010023FB1F /* funUITests.m */,
				EC15797B20A57E010023FB1F /* Info.plist */,
			);
			path = funUITests;
			sourceTree = "<group>";
		};
		EC15798720A581800023FB1F /* Home */ = {
			isa = PBXGroup;
			children = (
				EC1579A020A59D7C0023FB1F /* Menu */,
				EC15799220A58A8A0023FB1F /* Category */,
				EC15798E20A589AA0023FB1F /* NetWorking */,
				EC15798A20A5819A0023FB1F /* Controller */,
				EC15798920A581920023FB1F /* Model */,
				EC15798820A5818A0023FB1F /* View */,
				EC15799620A58BED0023FB1F /* PrefixHeader.pch */,
			);
			path = Home;
			sourceTree = "<group>";
		};
		EC15798820A5818A0023FB1F /* View */ = {
			isa = PBXGroup;
			children = (
				EC21003E20A97F5E0096B18C /* JokesCell.h */,
				EC21003F20A97F5E0096B18C /* JokesCell.m */,
				EC21004920A987860096B18C /* PictureCell.h */,
				EC21004A20A987860096B18C /* PictureCell.m */,
				EC22003B20AA797000BA6263 /* GifCell.h */,
				EC22003C20AA797000BA6263 /* GifCell.m */,
				EC22004B20AABCA700BA6263 /* PickerShowView.h */,
				EC22004C20AABCA700BA6263 /* PickerShowView.m */,
			);
			path = View;
			sourceTree = "<group>";
		};
		EC15798920A581920023FB1F /* Model */ = {
			isa = PBXGroup;
			children = (
				EC15799720A5914F0023FB1F /* TextModel.h */,
				EC15799820A5914F0023FB1F /* TextModel.m */,
				EC15799A20A5994C0023FB1F /* ImageModel.h */,
				EC15799B20A5994C0023FB1F /* ImageModel.m */,
				EC21003620A974FC0096B18C /* JokesModel.h */,
				EC21003720A974FC0096B18C /* JokesModel.m */,
				EC21004620A987220096B18C /* PictureModel.h */,
				EC21004720A987220096B18C /* PictureModel.m */,
				EC22003E20AA7ABF00BA6263 /* GifModel.h */,
				EC22003F20AA7ABF00BA6263 /* GifModel.m */,
			);
			path = Model;
			sourceTree = "<group>";
		};
		EC15798A20A5819A0023FB1F /* Controller */ = {
			isa = PBXGroup;
			children = (
				EC15798B20A581B00023FB1F /* HomeViewController.h */,
				EC15798C20A581B00023FB1F /* HomeViewController.m */,
				EC229A6720A92B6500D15750 /* MyContentViewController.h */,
				EC21004120A980620096B18C /* MyContentViewController.m */,
				EC229A8920A9566D00D15750 /* MyImageViewController.h */,
				EC229A8A20A9566D00D15750 /* MyImageViewController.m */,
				EC229A8C20A9567C00D15750 /* MygifImageViewController.h */,
				EC229A8D20A9567C00D15750 /* MygifImageViewController.m */,
				EC22005D20AAC75700BA6263 /* PersonViewController.h */,
				EC22005E20AAC75700BA6263 /* PersonViewController.m */,
			);
			path = Controller;
			sourceTree = "<group>";
		};
		EC15798E20A589AA0023FB1F /* NetWorking */ = {
			isa = PBXGroup;
			children = (
				EC15798F20A589D80023FB1F /* NetWorkingManager.h */,
				EC15799020A589D80023FB1F /* NetWorkingManager.m */,
				EC21003320A96C4A0096B18C /* AFNManager.h */,
				EC21003420A96C4A0096B18C /* AFNManager.m */,
			);
			path = NetWorking;
			sourceTree = "<group>";
		};
		EC15799220A58A8A0023FB1F /* Category */ = {
			isa = PBXGroup;
			children = (
				EC15799320A58AE20023FB1F /* UIImage+Extension.h */,
				EC15799420A58AE20023FB1F /* UIImage+Extension.m */,
			);
			path = Category;
			sourceTree = "<group>";
		};
		EC1579A020A59D7C0023FB1F /* Menu */ = {
			isa = PBXGroup;
			children = (
				EC1579A120A59D900023FB1F /* UIBarButtonItem+XYMenu.h */,
				EC1579A620A59D900023FB1F /* UIBarButtonItem+XYMenu.m */,
				EC1579A720A59D900023FB1F /* UIView+XYMenu.h */,
				EC1579A820A59D910023FB1F /* UIView+XYMenu.m */,
				EC1579A220A59D900023FB1F /* XYMenu.h */,
				EC1579A320A59D900023FB1F /* XYMenu.m */,
				EC1579A420A59D900023FB1F /* XYMenuItem.h */,
				EC1579A920A59D910023FB1F /* XYMenuItem.m */,
				EC1579A520A59D900023FB1F /* XYMenuView.h */,
				EC1579AA20A59D910023FB1F /* XYMenuView.m */,
			);
			path = Menu;
			sourceTree = "<group>";
		};
		EC229A8020A93A6500D15750 /* Others */ = {
			isa = PBXGroup;
			children = (
				EC22005120AAC25200BA6263 /* CBSSegmentViewController.h */,
				EC22005220AAC25200BA6263 /* CBSSegmentViewController.m */,
				EC22004E20AAC03C00BA6263 /* MBProgressHUD.h */,
				EC22004F20AAC03C00BA6263 /* MBProgressHUD.m */,
				EC229A8120A93AAE00D15750 /* UIView+Extension.h */,
				EC229A8220A93AAE00D15750 /* UIView+Extension.m */,
				EC22004120AA7D5A00BA6263 /* GetUrlImageSize.h */,
				EC22004220AA7D5A00BA6263 /* GetUrlImageSize.m */,
				EC22005A20AAC6EB00BA6263 /* CleanCache.h */,
				EC22005B20AAC6EB00BA6263 /* CleanCache.m */,
			);
			path = Others;
			sourceTree = "<group>";
		};
		F642FA38D391C7AA58BB90D9 /* Pods */ = {
			isa = PBXGroup;
			children = (
				E76BC91D5185F6C8843B3222 /* Pods-fun.debug.xcconfig */,
				D637A9AB0C41AAFACDA54F4B /* Pods-fun.release.xcconfig */,
			);
			name = Pods;
			sourceTree = "<group>";
		};
/* End PBXGroup section */

/* Begin PBXNativeTarget section */
		EC15795120A57DFE0023FB1F /* fun */ = {
			isa = PBXNativeTarget;
			buildConfigurationList = EC15797E20A57E010023FB1F /* Build configuration list for PBXNativeTarget "fun" */;
			buildPhases = (
				E49D2E8EB8A885800E8750A0 /* [CP] Check Pods Manifest.lock */,
				EC15794E20A57DFE0023FB1F /* Sources */,
				EC15794F20A57DFE0023FB1F /* Frameworks */,
				EC15795020A57DFE0023FB1F /* Resources */,
				649DACA4A6DBC7163E6F304F /* [CP] Copy Pods Resources */,
			);
			buildRules = (
			);
			dependencies = (
			);
			name = fun;
			productName = fun;
			productReference = EC15795220A57DFE0023FB1F /* fun.app */;
			productType = "com.apple.product-type.application";
		};
		EC15796920A57E010023FB1F /* funTests */ = {
			isa = PBXNativeTarget;
			buildConfigurationList = EC15798120A57E010023FB1F /* Build configuration list for PBXNativeTarget "funTests" */;
			buildPhases = (
				EC15796620A57E010023FB1F /* Sources */,
				EC15796720A57E010023FB1F /* Frameworks */,
				EC15796820A57E010023FB1F /* Resources */,
			);
			buildRules = (
			);
			dependencies = (
				EC15796C20A57E010023FB1F /* PBXTargetDependency */,
			);
			name = funTests;
			productName = funTests;
			productReference = EC15796A20A57E010023FB1F /* funTests.xctest */;
			productType = "com.apple.product-type.bundle.unit-test";
		};
		EC15797420A57E010023FB1F /* funUITests */ = {
			isa = PBXNativeTarget;
			buildConfigurationList = EC15798420A57E010023FB1F /* Build configuration list for PBXNativeTarget "funUITests" */;
			buildPhases = (
				EC15797120A57E010023FB1F /* Sources */,
				EC15797220A57E010023FB1F /* Frameworks */,
				EC15797320A57E010023FB1F /* Resources */,
			);
			buildRules = (
			);
			dependencies = (
				EC15797720A57E010023FB1F /* PBXTargetDependency */,
			);
			name = funUITests;
			productName = funUITests;
			productReference = EC15797520A57E010023FB1F /* funUITests.xctest */;
			productType = "com.apple.product-type.bundle.ui-testing";
		};
/* End PBXNativeTarget section */

/* Begin PBXProject section */
		EC15794A20A57DFE0023FB1F /* Project object */ = {
			isa = PBXProject;
			attributes = {
				LastUpgradeCheck = 0930;
				ORGANIZATIONNAME = 123;
				TargetAttributes = {
					EC15795120A57DFE0023FB1F = {
						CreatedOnToolsVersion = 9.3;
					};
					EC15796920A57E010023FB1F = {
						CreatedOnToolsVersion = 9.3;
						TestTargetID = EC15795120A57DFE0023FB1F;
					};
					EC15797420A57E010023FB1F = {
						CreatedOnToolsVersion = 9.3;
						TestTargetID = EC15795120A57DFE0023FB1F;
					};
				};
			};
			buildConfigurationList = EC15794D20A57DFE0023FB1F /* Build configuration list for PBXProject "fun" */;
			compatibilityVersion = "Xcode 9.3";
			developmentRegion = en;
			hasScannedForEncodings = 0;
			knownRegions = (
				en,
				Base,
			);
			mainGroup = EC15794920A57DFE0023FB1F;
			productRefGroup = EC15795320A57DFE0023FB1F /* Products */;
			projectDirPath = "";
			projectRoot = "";
			targets = (
				EC15795120A57DFE0023FB1F /* fun */,
				EC15796920A57E010023FB1F /* funTests */,
				EC15797420A57E010023FB1F /* funUITests */,
			);
		};
/* End PBXProject section */

/* Begin PBXResourcesBuildPhase section */
		EC15795020A57DFE0023FB1F /* Resources */ = {
			isa = PBXResourcesBuildPhase;
			buildActionMask = 2147483647;
			files = (
				EC15796220A57E010023FB1F /* LaunchScreen.storyboard in Resources */,
				EC15795F20A57E010023FB1F /* Assets.xcassets in Resources */,
			);
			runOnlyForDeploymentPostprocessing = 0;
		};
		EC15796820A57E010023FB1F /* Resources */ = {
			isa = PBXResourcesBuildPhase;
			buildActionMask = 2147483647;
			files = (
			);
			runOnlyForDeploymentPostprocessing = 0;
		};
		EC15797320A57E010023FB1F /* Resources */ = {
			isa = PBXResourcesBuildPhase;
			buildActionMask = 2147483647;
			files = (
			);
			runOnlyForDeploymentPostprocessing = 0;
		};
/* End PBXResourcesBuildPhase section */

/* Begin PBXShellScriptBuildPhase section */
		649DACA4A6DBC7163E6F304F /* [CP] Copy Pods Resources */ = {
			isa = PBXShellScriptBuildPhase;
			buildActionMask = 2147483647;
			files = (
			);
			inputPaths = (
				"${SRCROOT}/Pods/Target Support Files/Pods-fun/Pods-fun-resources.sh",
				"${PODS_ROOT}/MJRefresh/MJRefresh/MJRefresh.bundle",
				"${PODS_ROOT}/SVProgressHUD/SVProgressHUD/SVProgressHUD.bundle",
			);
			name = "[CP] Copy Pods Resources";
			outputPaths = (
				"${TARGET_BUILD_DIR}/${UNLOCALIZED_RESOURCES_FOLDER_PATH}/MJRefresh.bundle",
				"${TARGET_BUILD_DIR}/${UNLOCALIZED_RESOURCES_FOLDER_PATH}/SVProgressHUD.bundle",
			);
			runOnlyForDeploymentPostprocessing = 0;
			shellPath = /bin/sh;
			shellScript = "\"${SRCROOT}/Pods/Target Support Files/Pods-fun/Pods-fun-resources.sh\"\n";
			showEnvVarsInLog = 0;
		};
		E49D2E8EB8A885800E8750A0 /* [CP] Check Pods Manifest.lock */ = {
			isa = PBXShellScriptBuildPhase;
			buildActionMask = 2147483647;
			files = (
			);
			inputPaths = (
				"${PODS_PODFILE_DIR_PATH}/Podfile.lock",
				"${PODS_ROOT}/Manifest.lock",
			);
			name = "[CP] Check Pods Manifest.lock";
			outputPaths = (
				"$(DERIVED_FILE_DIR)/Pods-fun-checkManifestLockResult.txt",
			);
			runOnlyForDeploymentPostprocessing = 0;
			shellPath = /bin/sh;
			shellScript = "diff \"${PODS_PODFILE_DIR_PATH}/Podfile.lock\" \"${PODS_ROOT}/Manifest.lock\" > /dev/null\nif [ $? != 0 ] ; then\n    # print error to STDERR\n    echo \"error: The sandbox is not in sync with the Podfile.lock. Run 'pod install' or update your CocoaPods installation.\" >&2\n    exit 1\nfi\n# This output is used by Xcode 'outputs' to avoid re-running this script phase.\necho \"SUCCESS\" > \"${SCRIPT_OUTPUT_FILE_0}\"\n";
			showEnvVarsInLog = 0;
		};
/* End PBXShellScriptBuildPhase section */

/* Begin PBXSourcesBuildPhase section */
		EC15794E20A57DFE0023FB1F /* Sources */ = {
			isa = PBXSourcesBuildPhase;
			buildActionMask = 2147483647;
			files = (
				EC21003520A96C4A0096B18C /* AFNManager.m in Sources */,
				EC1579AD20A59D910023FB1F /* UIView+XYMenu.m in Sources */,
				EC15799520A58AE20023FB1F /* UIImage+Extension.m in Sources */,
				EC21004B20A987860096B18C /* PictureCell.m in Sources */,
				EC1579AC20A59D910023FB1F /* UIBarButtonItem+XYMenu.m in Sources */,
				EC21004020A97F5E0096B18C /* JokesCell.m in Sources */,
				EC22005320AAC25200BA6263 /* CBSSegmentViewController.m in Sources */,
				EC22004D20AABCA700BA6263 /* PickerShowView.m in Sources */,
				EC22004320AA7D5A00BA6263 /* GetUrlImageSize.m in Sources */,
				EC1579AB20A59D910023FB1F /* XYMenu.m in Sources */,
				EC1579AF20A59D910023FB1F /* XYMenuView.m in Sources */,
				EC22004020AA7ABF00BA6263 /* GifModel.m in Sources */,
				EC22003D20AA797000BA6263 /* GifCell.m in Sources */,
				EC15796520A57E010023FB1F /* main.m in Sources */,
				EC22005020AAC03C00BA6263 /* MBProgressHUD.m in Sources */,
				EC21004820A987220096B18C /* PictureModel.m in Sources */,
				EC15799C20A5994C0023FB1F /* ImageModel.m in Sources */,
				EC1579AE20A59D910023FB1F /* XYMenuItem.m in Sources */,
				EC21004220A980620096B18C /* MyContentViewController.m in Sources */,
				EC15799120A589D80023FB1F /* NetWorkingManager.m in Sources */,
				EC15795720A57DFE0023FB1F /* AppDelegate.m in Sources */,
				EC15799920A5914F0023FB1F /* TextModel.m in Sources */,
				EC22005C20AAC6EB00BA6263 /* CleanCache.m in Sources */,
				EC229A8B20A9566D00D15750 /* MyImageViewController.m in Sources */,
				EC22005F20AAC75700BA6263 /* PersonViewController.m in Sources */,
				EC229A8320A93AAE00D15750 /* UIView+Extension.m in Sources */,
				EC21003820A974FC0096B18C /* JokesModel.m in Sources */,
				EC229A8E20A9567C00D15750 /* MygifImageViewController.m in Sources */,
				EC15798D20A581B00023FB1F /* HomeViewController.m in Sources */,
			);
			runOnlyForDeploymentPostprocessing = 0;
		};
		EC15796620A57E010023FB1F /* Sources */ = {
			isa = PBXSourcesBuildPhase;
			buildActionMask = 2147483647;
			files = (
				EC15796F20A57E010023FB1F /* funTests.m in Sources */,
			);
			runOnlyForDeploymentPostprocessing = 0;
		};
		EC15797120A57E010023FB1F /* Sources */ = {
			isa = PBXSourcesBuildPhase;
			buildActionMask = 2147483647;
			files = (
				EC15797A20A57E010023FB1F /* funUITests.m in Sources */,
			);
			runOnlyForDeploymentPostprocessing = 0;
		};
/* End PBXSourcesBuildPhase section */

/* Begin PBXTargetDependency section */
		EC15796C20A57E010023FB1F /* PBXTargetDependency */ = {
			isa = PBXTargetDependency;
			target = EC15795120A57DFE0023FB1F /* fun */;
			targetProxy = EC15796B20A57E010023FB1F /* PBXContainerItemProxy */;
		};
		EC15797720A57E010023FB1F /* PBXTargetDependency */ = {
			isa = PBXTargetDependency;
			target = EC15795120A57DFE0023FB1F /* fun */;
			targetProxy = EC15797620A57E010023FB1F /* PBXContainerItemProxy */;
		};
/* End PBXTargetDependency section */

/* Begin PBXVariantGroup section */
		EC15796020A57E010023FB1F /* LaunchScreen.storyboard */ = {
			isa = PBXVariantGroup;
			children = (
				EC15796120A57E010023FB1F /* Base */,
			);
			name = LaunchScreen.storyboard;
			sourceTree = "<group>";
		};
/* End PBXVariantGroup section */

/* Begin XCBuildConfiguration section */
		EC15797C20A57E010023FB1F /* Debug */ = {
			isa = XCBuildConfiguration;
			buildSettings = {
				ALWAYS_SEARCH_USER_PATHS = NO;
				CLANG_ANALYZER_NONNULL = YES;
				CLANG_ANALYZER_NUMBER_OBJECT_CONVERSION = YES_AGGRESSIVE;
				CLANG_CXX_LANGUAGE_STANDARD = "gnu++14";
				CLANG_CXX_LIBRARY = "libc++";
				CLANG_ENABLE_MODULES = YES;
				CLANG_ENABLE_OBJC_ARC = YES;
				CLANG_ENABLE_OBJC_WEAK = YES;
				CLANG_WARN_BLOCK_CAPTURE_AUTORELEASING = YES;
				CLANG_WARN_BOOL_CONVERSION = YES;
				CLANG_WARN_COMMA = YES;
				CLANG_WARN_CONSTANT_CONVERSION = YES;
				CLANG_WARN_DEPRECATED_OBJC_IMPLEMENTATIONS = YES;
				CLANG_WARN_DIRECT_OBJC_ISA_USAGE = YES_ERROR;
				CLANG_WARN_DOCUMENTATION_COMMENTS = YES;
				CLANG_WARN_EMPTY_BODY = YES;
				CLANG_WARN_ENUM_CONVERSION = YES;
				CLANG_WARN_INFINITE_RECURSION = YES;
				CLANG_WARN_INT_CONVERSION = YES;
				CLANG_WARN_NON_LITERAL_NULL_CONVERSION = YES;
				CLANG_WARN_OBJC_IMPLICIT_RETAIN_SELF = YES;
				CLANG_WARN_OBJC_LITERAL_CONVERSION = YES;
				CLANG_WARN_OBJC_ROOT_CLASS = YES_ERROR;
				CLANG_WARN_RANGE_LOOP_ANALYSIS = YES;
				CLANG_WARN_STRICT_PROTOTYPES = YES;
				CLANG_WARN_SUSPICIOUS_MOVE = YES;
				CLANG_WARN_UNGUARDED_AVAILABILITY = YES_AGGRESSIVE;
				CLANG_WARN_UNREACHABLE_CODE = YES;
				CLANG_WARN__DUPLICATE_METHOD_MATCH = YES;
				CODE_SIGN_IDENTITY = "iPhone Developer";
				COPY_PHASE_STRIP = NO;
				DEBUG_INFORMATION_FORMAT = dwarf;
				ENABLE_STRICT_OBJC_MSGSEND = YES;
				ENABLE_TESTABILITY = YES;
				GCC_C_LANGUAGE_STANDARD = gnu11;
				GCC_DYNAMIC_NO_PIC = NO;
				GCC_NO_COMMON_BLOCKS = YES;
				GCC_OPTIMIZATION_LEVEL = 0;
				GCC_PREPROCESSOR_DEFINITIONS = (
					"DEBUG=1",
					"$(inherited)",
				);
				GCC_WARN_64_TO_32_BIT_CONVERSION = YES;
				GCC_WARN_ABOUT_RETURN_TYPE = YES_ERROR;
				GCC_WARN_UNDECLARED_SELECTOR = YES;
				GCC_WARN_UNINITIALIZED_AUTOS = YES_AGGRESSIVE;
				GCC_WARN_UNUSED_FUNCTION = YES;
				GCC_WARN_UNUSED_VARIABLE = YES;
				IPHONEOS_DEPLOYMENT_TARGET = 11.3;
				MTL_ENABLE_DEBUG_INFO = YES;
				ONLY_ACTIVE_ARCH = YES;
				SDKROOT = iphoneos;
			};
			name = Debug;
		};
		EC15797D20A57E010023FB1F /* Release */ = {
			isa = XCBuildConfiguration;
			buildSettings = {
				ALWAYS_SEARCH_USER_PATHS = NO;
				CLANG_ANALYZER_NONNULL = YES;
				CLANG_ANALYZER_NUMBER_OBJECT_CONVERSION = YES_AGGRESSIVE;
				CLANG_CXX_LANGUAGE_STANDARD = "gnu++14";
				CLANG_CXX_LIBRARY = "libc++";
				CLANG_ENABLE_MODULES = YES;
				CLANG_ENABLE_OBJC_ARC = YES;
				CLANG_ENABLE_OBJC_WEAK = YES;
				CLANG_WARN_BLOCK_CAPTURE_AUTORELEASING = YES;
				CLANG_WARN_BOOL_CONVERSION = YES;
				CLANG_WARN_COMMA = YES;
				CLANG_WARN_CONSTANT_CONVERSION = YES;
				CLANG_WARN_DEPRECATED_OBJC_IMPLEMENTATIONS = YES;
				CLANG_WARN_DIRECT_OBJC_ISA_USAGE = YES_ERROR;
				CLANG_WARN_DOCUMENTATION_COMMENTS = YES;
				CLANG_WARN_EMPTY_BODY = YES;
				CLANG_WARN_ENUM_CONVERSION = YES;
				CLANG_WARN_INFINITE_RECURSION = YES;
				CLANG_WARN_INT_CONVERSION = YES;
				CLANG_WARN_NON_LITERAL_NULL_CONVERSION = YES;
				CLANG_WARN_OBJC_IMPLICIT_RETAIN_SELF = YES;
				CLANG_WARN_OBJC_LITERAL_CONVERSION = YES;
				CLANG_WARN_OBJC_ROOT_CLASS = YES_ERROR;
				CLANG_WARN_RANGE_LOOP_ANALYSIS = YES;
				CLANG_WARN_STRICT_PROTOTYPES = YES;
				CLANG_WARN_SUSPICIOUS_MOVE = YES;
				CLANG_WARN_UNGUARDED_AVAILABILITY = YES_AGGRESSIVE;
				CLANG_WARN_UNREACHABLE_CODE = YES;
				CLANG_WARN__DUPLICATE_METHOD_MATCH = YES;
				CODE_SIGN_IDENTITY = "iPhone Developer";
				COPY_PHASE_STRIP = NO;
				DEBUG_INFORMATION_FORMAT = "dwarf-with-dsym";
				ENABLE_NS_ASSERTIONS = NO;
				ENABLE_STRICT_OBJC_MSGSEND = YES;
				GCC_C_LANGUAGE_STANDARD = gnu11;
				GCC_NO_COMMON_BLOCKS = YES;
				GCC_WARN_64_TO_32_BIT_CONVERSION = YES;
				GCC_WARN_ABOUT_RETURN_TYPE = YES_ERROR;
				GCC_WARN_UNDECLARED_SELECTOR = YES;
				GCC_WARN_UNINITIALIZED_AUTOS = YES_AGGRESSIVE;
				GCC_WARN_UNUSED_FUNCTION = YES;
				GCC_WARN_UNUSED_VARIABLE = YES;
				IPHONEOS_DEPLOYMENT_TARGET = 11.3;
				MTL_ENABLE_DEBUG_INFO = NO;
				SDKROOT = iphoneos;
				VALIDATE_PRODUCT = YES;
			};
			name = Release;
		};
		EC15797F20A57E010023FB1F /* Debug */ = {
			isa = XCBuildConfiguration;
			baseConfigurationReference = E76BC91D5185F6C8843B3222 /* Pods-fun.debug.xcconfig */;
			buildSettings = {
				ASSETCATALOG_COMPILER_APPICON_NAME = AppIcon;
				CODE_SIGN_STYLE = Automatic;
				DEVELOPMENT_TEAM = E2BBNGE4QY;
				GCC_PRECOMPILE_PREFIX_HEADER = YES;
				GCC_PREFIX_HEADER = "$(SRCROOT)/fun/Home/PrefixHeader.pch";
				INFOPLIST_FILE = fun/Info.plist;
				LD_RUNPATH_SEARCH_PATHS = (
					"$(inherited)",
					"@executable_path/Frameworks",
				);
				PRODUCT_BUNDLE_IDENTIFIER = "li-fun";
				PRODUCT_NAME = "$(TARGET_NAME)";
				TARGETED_DEVICE_FAMILY = "1,2";
			};
			name = Debug;
		};
		EC15798020A57E010023FB1F /* Release */ = {
			isa = XCBuildConfiguration;
			baseConfigurationReference = D637A9AB0C41AAFACDA54F4B /* Pods-fun.release.xcconfig */;
			buildSettings = {
				ASSETCATALOG_COMPILER_APPICON_NAME = AppIcon;
				CODE_SIGN_STYLE = Automatic;
				DEVELOPMENT_TEAM = E2BBNGE4QY;
				GCC_PRECOMPILE_PREFIX_HEADER = YES;
				GCC_PREFIX_HEADER = "$(SRCROOT)/fun/Home/PrefixHeader.pch";
				INFOPLIST_FILE = fun/Info.plist;
				LD_RUNPATH_SEARCH_PATHS = (
					"$(inherited)",
					"@executable_path/Frameworks",
				);
				PRODUCT_BUNDLE_IDENTIFIER = "li-fun";
				PRODUCT_NAME = "$(TARGET_NAME)";
				TARGETED_DEVICE_FAMILY = "1,2";
			};
			name = Release;
		};
		EC15798220A57E010023FB1F /* Debug */ = {
			isa = XCBuildConfiguration;
			buildSettings = {
				BUNDLE_LOADER = "$(TEST_HOST)";
				CODE_SIGN_STYLE = Automatic;
				INFOPLIST_FILE = funTests/Info.plist;
				LD_RUNPATH_SEARCH_PATHS = (
					"$(inherited)",
					"@executable_path/Frameworks",
					"@loader_path/Frameworks",
				);
				PRODUCT_BUNDLE_IDENTIFIER = "mr-li.funTests";
				PRODUCT_NAME = "$(TARGET_NAME)";
				TARGETED_DEVICE_FAMILY = "1,2";
				TEST_HOST = "$(BUILT_PRODUCTS_DIR)/fun.app/fun";
			};
			name = Debug;
		};
		EC15798320A57E010023FB1F /* Release */ = {
			isa = XCBuildConfiguration;
			buildSettings = {
				BUNDLE_LOADER = "$(TEST_HOST)";
				CODE_SIGN_STYLE = Automatic;
				INFOPLIST_FILE = funTests/Info.plist;
				LD_RUNPATH_SEARCH_PATHS = (
					"$(inherited)",
					"@executable_path/Frameworks",
					"@loader_path/Frameworks",
				);
				PRODUCT_BUNDLE_IDENTIFIER = "mr-li.funTests";
				PRODUCT_NAME = "$(TARGET_NAME)";
				TARGETED_DEVICE_FAMILY = "1,2";
				TEST_HOST = "$(BUILT_PRODUCTS_DIR)/fun.app/fun";
			};
			name = Release;
		};
		EC15798520A57E010023FB1F /* Debug */ = {
			isa = XCBuildConfiguration;
			buildSettings = {
				CODE_SIGN_STYLE = Automatic;
				INFOPLIST_FILE = funUITests/Info.plist;
				LD_RUNPATH_SEARCH_PATHS = (
					"$(inherited)",
					"@executable_path/Frameworks",
					"@loader_path/Frameworks",
				);
				PRODUCT_BUNDLE_IDENTIFIER = "mr-li.funUITests";
				PRODUCT_NAME = "$(TARGET_NAME)";
				TARGETED_DEVICE_FAMILY = "1,2";
				TEST_TARGET_NAME = fun;
			};
			name = Debug;
		};
		EC15798620A57E010023FB1F /* Release */ = {
			isa = XCBuildConfiguration;
			buildSettings = {
				CODE_SIGN_STYLE = Automatic;
				INFOPLIST_FILE = funUITests/Info.plist;
				LD_RUNPATH_SEARCH_PATHS = (
					"$(inherited)",
					"@executable_path/Frameworks",
					"@loader_path/Frameworks",
				);
				PRODUCT_BUNDLE_IDENTIFIER = "mr-li.funUITests";
				PRODUCT_NAME = "$(TARGET_NAME)";
				TARGETED_DEVICE_FAMILY = "1,2";
				TEST_TARGET_NAME = fun;
			};
			name = Release;
		};
/* End XCBuildConfiguration section */

/* Begin XCConfigurationList section */
		EC15794D20A57DFE0023FB1F /* Build configuration list for PBXProject "fun" */ = {
			isa = XCConfigurationList;
			buildConfigurations = (
				EC15797C20A57E010023FB1F /* Debug */,
				EC15797D20A57E010023FB1F /* Release */,
			);
			defaultConfigurationIsVisible = 0;
			defaultConfigurationName = Release;
		};
		EC15797E20A57E010023FB1F /* Build configuration list for PBXNativeTarget "fun" */ = {
			isa = XCConfigurationList;
			buildConfigurations = (
				EC15797F20A57E010023FB1F /* Debug */,
				EC15798020A57E010023FB1F /* Release */,
			);
			defaultConfigurationIsVisible = 0;
			defaultConfigurationName = Release;
		};
		EC15798120A57E010023FB1F /* Build configuration list for PBXNativeTarget "funTests" */ = {
			isa = XCConfigurationList;
			buildConfigurations = (
				EC15798220A57E010023FB1F /* Debug */,
				EC15798320A57E010023FB1F /* Release */,
			);
			defaultConfigurationIsVisible = 0;
			defaultConfigurationName = Release;
		};
		EC15798420A57E010023FB1F /* Build configuration list for PBXNativeTarget "funUITests" */ = {
			isa = XCConfigurationList;
			buildConfigurations = (
				EC15798520A57E010023FB1F /* Debug */,
				EC15798620A57E010023FB1F /* Release */,
			);
			defaultConfigurationIsVisible = 0;
			defaultConfigurationName = Release;
		};
/* End XCConfigurationList section */
	};
	rootObject = EC15794A20A57DFE0023FB1F /* Project object */;
}
