// !$*UTF8*$!
{
	archiveVersion = 1;
	classes = {
	};
	objectVersion = 50;
	objects = {

/* Begin PBXBuildFile section */
		EC15795720A57DFE0023FB1F /* AppDelegate.m in Sources */ = {isa = PBXBuildFile; fileRef = EC15795620A57DFE0023FB1F /* AppDelegate.m */; };
		EC15795A20A57DFF0023FB1F /* ViewController.m in Sources */ = {isa = PBXBuildFile; fileRef = EC15795920A57DFF0023FB1F /* ViewController.m */; };
		EC15795D20A57DFF0023FB1F /* Main.storyboard in Resources */ = {isa = PBXBuildFile; fileRef = EC15795B20A57DFF0023FB1F /* Main.storyboard */; };
		EC15795F20A57E010023FB1F /* Assets.xcassets in Resources */ = {isa = PBXBuildFile; fileRef = EC15795E20A57E010023FB1F /* Assets.xcassets */; };
		EC15796220A57E010023FB1F /* LaunchScreen.storyboard in Resources */ = {isa = PBXBuildFile; fileRef = EC15796020A57E010023FB1F /* LaunchScreen.storyboard */; };
		EC15796520A57E010023FB1F /* main.m in Sources */ = {isa = PBXBuildFile; fileRef = EC15796420A57E010023FB1F /* main.m */; };
		EC15796F20A57E010023FB1F /* funTests.m in Sources */ = {isa = PBXBuildFile; fileRef = EC15796E20A57E010023FB1F /* funTests.m */; };
		EC15797A20A57E010023FB1F /* funUITests.m in Sources */ = {isa = PBXBuildFile; fileRef = EC15797920A57E010023FB1F /* funUITests.m */; };
/* End PBXBuildFile section */

/* Begin PBXContainerItemProxy section */
		EC15796B20A57E010023FB1F /* PBXContainerItemProxy */ = {
			isa = PBXContainerItemProxy;
			containerPortal = EC15794A20A57DFE0023FB1F /* Project object */;
			proxyType = 1;
			remoteGlobalIDString = EC15795120A57DFE0023FB1F;
			remoteInfo = fun;
		};
		EC15797620A57E010023FB1F /* PBXContainerItemProxy */ = {
			isa = PBXContainerItemProxy;
			containerPortal = EC15794A20A57DFE0023FB1F /* Project object */;
			proxyType = 1;
			remoteGlobalIDString = EC15795120A57DFE0023FB1F;
			remoteInfo = fun;
		};
/* End PBXContainerItemProxy section */

/* Begin PBXFileReference section */
		EC15795220A57DFE0023FB1F /* fun.app */ = {isa = PBXFileReference; explicitFileType = wrapper.application; includeInIndex = 0; path = fun.app; sourceTree = BUILT_PRODUCTS_DIR; };
		EC15795520A57DFE0023FB1F /* AppDelegate.h */ = {isa = PBXFileReference; lastKnownFileType = sourcecode.c.h; path = AppDelegate.h; sourceTree = "<group>"; };
		EC15795620A57DFE0023FB1F /* AppDelegate.m */ = {isa = PBXFileReference; lastKnownFileType = sourcecode.c.objc; path = AppDelegate.m; sourceTree = "<group>"; };
		EC15795820A57DFF0023FB1F /* ViewController.h */ = {isa = PBXFileReference; lastKnownFileType = sourcecode.c.h; path = ViewController.h; sourceTree = "<group>"; };
		EC15795920A57DFF0023FB1F /* ViewController.m */ = {isa = PBXFileReference; lastKnownFileType = sourcecode.c.objc; path = ViewController.m; sourceTree = "<group>"; };
		EC15795C20A57DFF0023FB1F /* Base */ = {isa = PBXFileReference; lastKnownFileType = file.storyboard; name = Base; path = Base.lproj/Main.storyboard; sourceTree = "<group>"; };
		EC15795E20A57E010023FB1F /* Assets.xcassets */ = {isa = PBXFileReference; lastKnownFileType = folder.assetcatalog; path = Assets.xcassets; sourceTree = "<group>"; };
		EC15796120A57E010023FB1F /* Base */ = {isa = PBXFileReference; lastKnownFileType = file.storyboard; name = Base; path = Base.lproj/LaunchScreen.storyboard; sourceTree = "<group>"; };
		EC15796320A57E010023FB1F /* Info.plist */ = {isa = PBXFileReference; lastKnownFileType = text.plist.xml; path = Info.plist; sourceTree = "<group>"; };
		EC15796420A57E010023FB1F /* main.m */ = {isa = PBXFileReference; lastKnownFileType = sourcecode.c.objc; path = main.m; sourceTree = "<group>"; };
		EC15796A20A57E010023FB1F /* funTests.xctest */ = {isa = PBXFileReference; explicitFileType = wrapper.cfbundle; includeInIndex = 0; path = funTests.xctest; sourceTree = BUILT_PRODUCTS_DIR; };
		EC15796E20A57E010023FB1F /* funTests.m */ = {isa = PBXFileReference; lastKnownFileType = sourcecode.c.objc; path = funTests.m; sourceTree = "<group>"; };
		EC15797020A57E010023FB1F /* Info.plist */ = {isa = PBXFileReference; lastKnownFileType = text.plist.xml; path = Info.plist; sourceTree = "<group>"; };
		EC15797520A57E010023FB1F /* funUITests.xctest */ = {isa = PBXFileReference; explicitFileType = wrapper.cfbundle; includeInIndex = 0; path = funUITests.xctest; sourceTree = BUILT_PRODUCTS_DIR; };
		EC15797920A57E010023FB1F /* funUITests.m */ = {isa = PBXFileReference; lastKnownFileType = sourcecode.c.objc; path = funUITests.m; sourceTree = "<group>"; };
		EC15797B20A57E010023FB1F /* Info.plist */ = {isa = PBXFileReference; lastKnownFileType = text.plist.xml; path = Info.plist; sourceTree = "<group>"; };
/* End PBXFileReference section */

/* Begin PBXFrameworksBuildPhase section */
		EC15794F20A57DFE0023FB1F /* Frameworks */ = {
			isa = PBXFrameworksBuildPhase;
			buildActionMask = 2147483647;
			files = (
			);
			runOnlyForDeploymentPostprocessing = 0;
		};
		EC15796720A57E010023FB1F /* Frameworks */ = {
			isa = PBXFrameworksBuildPhase;
			buildActionMask = 2147483647;
			files = (
			);
			runOnlyForDeploymentPostprocessing = 0;
		};
		EC15797220A57E010023FB1F /* Frameworks */ = {
			isa = PBXFrameworksBuildPhase;
			buildActionMask = 2147483647;
			files = (
			);
			runOnlyForDeploymentPostprocessing = 0;
		};
/* End PBXFrameworksBuildPhase section */

/* Begin PBXGroup section */
		EC15794920A57DFE0023FB1F = {
			isa = PBXGroup;
			children = (
				EC15795420A57DFE0023FB1F /* fun */,
				EC15796D20A57E010023FB1F /* funTests */,
				EC15797820A57E010023FB1F /* funUITests */,
				EC15795320A57DFE0023FB1F /* Products */,
			);
			sourceTree = "<group>";
		};
		EC15795320A57DFE0023FB1F /* Products */ = {
			isa = PBXGroup;
			children = (
				EC15795220A57DFE0023FB1F /* fun.app */,
				EC15796A20A57E010023FB1F /* funTests.xctest */,
				EC15797520A57E010023FB1F /* funUITests.xctest */,
			);
			name = Products;
			sourceTree = "<group>";
		};
		EC15795420A57DFE0023FB1F /* fun */ = {
			isa = PBXGroup;
			children = (
				EC15795520A57DFE0023FB1F /* AppDelegate.h */,
				EC15795620A57DFE0023FB1F /* AppDelegate.m */,
				EC15795820A57DFF0023FB1F /* ViewController.h */,
				EC15795920A57DFF0023FB1F /* ViewController.m */,
				EC15795B20A57DFF0023FB1F /* Main.storyboard */,
				EC15795E20A57E010023FB1F /* Assets.xcassets */,
				EC15796020A57E010023FB1F /* LaunchScreen.storyboard */,
				EC15796320A57E010023FB1F /* Info.plist */,
				EC15796420A57E010023FB1F /* main.m */,
			);
			path = fun;
			sourceTree = "<group>";
		};
		EC15796D20A57E010023FB1F /* funTests */ = {
			isa = PBXGroup;
			children = (
				EC15796E20A57E010023FB1F /* funTests.m */,
				EC15797020A57E010023FB1F /* Info.plist */,
			);
			path = funTests;
			sourceTree = "<group>";
		};
		EC15797820A57E010023FB1F /* funUITests */ = {
			isa = PBXGroup;
			children = (
				EC15797920A57E010023FB1F /* funUITests.m */,
				EC15797B20A57E010023FB1F /* Info.plist */,
			);
			path = funUITests;
			sourceTree = "<group>";
		};
/* End PBXGroup section */

/* Begin PBXNativeTarget section */
		EC15795120A57DFE0023FB1F /* fun */ = {
			isa = PBXNativeTarget;
			buildConfigurationList = EC15797E20A57E010023FB1F /* Build configuration list for PBXNativeTarget "fun" */;
			buildPhases = (
				EC15794E20A57DFE0023FB1F /* Sources */,
				EC15794F20A57DFE0023FB1F /* Frameworks */,
				EC15795020A57DFE0023FB1F /* Resources */,
			);
			buildRules = (
			);
			dependencies = (
			);
			name = fun;
			productName = fun;
			productReference = EC15795220A57DFE0023FB1F /* fun.app */;
			productType = "com.apple.product-type.application";
		};
		EC15796920A57E010023FB1F /* funTests */ = {
			isa = PBXNativeTarget;
			buildConfigurationList = EC15798120A57E010023FB1F /* Build configuration list for PBXNativeTarget "funTests" */;
			buildPhases = (
				EC15796620A57E010023FB1F /* Sources */,
				EC15796720A57E010023FB1F /* Frameworks */,
				EC15796820A57E010023FB1F /* Resources */,
			);
			buildRules = (
			);
			dependencies = (
				EC15796C20A57E010023FB1F /* PBXTargetDependency */,
			);
			name = funTests;
			productName = funTests;
			productReference = EC15796A20A57E010023FB1F /* funTests.xctest */;
			productType = "com.apple.product-type.bundle.unit-test";
		};
		EC15797420A57E010023FB1F /* funUITests */ = {
			isa = PBXNativeTarget;
			buildConfigurationList = EC15798420A57E010023FB1F /* Build configuration list for PBXNativeTarget "funUITests" */;
			buildPhases = (
				EC15797120A57E010023FB1F /* Sources */,
				EC15797220A57E010023FB1F /* Frameworks */,
				EC15797320A57E010023FB1F /* Resources */,
			);
			buildRules = (
			);
			dependencies = (
				EC15797720A57E010023FB1F /* PBXTargetDependency */,
			);
			name = funUITests;
			productName = funUITests;
			productReference = EC15797520A57E010023FB1F /* funUITests.xctest */;
			productType = "com.apple.product-type.bundle.ui-testing";
		};
/* End PBXNativeTarget section */

/* Begin PBXProject section */
		EC15794A20A57DFE0023FB1F /* Project object */ = {
			isa = PBXProject;
			attributes = {
				LastUpgradeCheck = 0930;
				ORGANIZATIONNAME = 123;
				TargetAttributes = {
					EC15795120A57DFE0023FB1F = {
						CreatedOnToolsVersion = 9.3;
					};
					EC15796920A57E010023FB1F = {
						CreatedOnToolsVersion = 9.3;
						TestTargetID = EC15795120A57DFE0023FB1F;
					};
					EC15797420A57E010023FB1F = {
						CreatedOnToolsVersion = 9.3;
						TestTargetID = EC15795120A57DFE0023FB1F;
					};
				};
			};
			buildConfigurationList = EC15794D20A57DFE0023FB1F /* Build configuration list for PBXProject "fun" */;
			compatibilityVersion = "Xcode 9.3";
			developmentRegion = en;
			hasScannedForEncodings = 0;
			knownRegions = (
				en,
				Base,
			);
			mainGroup = EC15794920A57DFE0023FB1F;
			productRefGroup = EC15795320A57DFE0023FB1F /* Products */;
			projectDirPath = "";
			projectRoot = "";
			targets = (
				EC15795120A57DFE0023FB1F /* fun */,
				EC15796920A57E010023FB1F /* funTests */,
				EC15797420A57E010023FB1F /* funUITests */,
			);
		};
/* End PBXProject section */

/* Begin PBXResourcesBuildPhase section */
		EC15795020A57DFE0023FB1F /* Resources */ = {
			isa = PBXResourcesBuildPhase;
			buildActionMask = 2147483647;
			files = (
				EC15796220A57E010023FB1F /* LaunchScreen.storyboard in Resources */,
				EC15795F20A57E010023FB1F /* Assets.xcassets in Resources */,
				EC15795D20A57DFF0023FB1F /* Main.storyboard in Resources */,
			);
			runOnlyForDeploymentPostprocessing = 0;
		};
		EC15796820A57E010023FB1F /* Resources */ = {
			isa = PBXResourcesBuildPhase;
			buildActionMask = 2147483647;
			files = (
			);
			runOnlyForDeploymentPostprocessing = 0;
		};
		EC15797320A57E010023FB1F /* Resources */ = {
			isa = PBXResourcesBuildPhase;
			buildActionMask = 2147483647;
			files = (
			);
			runOnlyForDeploymentPostprocessing = 0;
		};
/* End PBXResourcesBuildPhase section */

/* Begin PBXSourcesBuildPhase section */
		EC15794E20A57DFE0023FB1F /* Sources */ = {
			isa = PBXSourcesBuildPhase;
			buildActionMask = 2147483647;
			files = (
				EC15795A20A57DFF0023FB1F /* ViewController.m in Sources */,
				EC15796520A57E010023FB1F /* main.m in Sources */,
				EC15795720A57DFE0023FB1F /* AppDelegate.m in Sources */,
			);
			runOnlyForDeploymentPostprocessing = 0;
		};
		EC15796620A57E010023FB1F /* Sources */ = {
			isa = PBXSourcesBuildPhase;
			buildActionMask = 2147483647;
			files = (
				EC15796F20A57E010023FB1F /* funTests.m in Sources */,
			);
			runOnlyForDeploymentPostprocessing = 0;
		};
		EC15797120A57E010023FB1F /* Sources */ = {
			isa = PBXSourcesBuildPhase;
			buildActionMask = 2147483647;
			files = (
				EC15797A20A57E010023FB1F /* funUITests.m in Sources */,
			);
			runOnlyForDeploymentPostprocessing = 0;
		};
/* End PBXSourcesBuildPhase section */

/* Begin PBXTargetDependency section */
		EC15796C20A57E010023FB1F /* PBXTargetDependency */ = {
			isa = PBXTargetDependency;
			target = EC15795120A57DFE0023FB1F /* fun */;
			targetProxy = EC15796B20A57E010023FB1F /* PBXContainerItemProxy */;
		};
		EC15797720A57E010023FB1F /* PBXTargetDependency */ = {
			isa = PBXTargetDependency;
			target = EC15795120A57DFE0023FB1F /* fun */;
			targetProxy = EC15797620A57E010023FB1F /* PBXContainerItemProxy */;
		};
/* End PBXTargetDependency section */

/* Begin PBXVariantGroup section */
		EC15795B20A57DFF0023FB1F /* Main.storyboard */ = {
			isa = PBXVariantGroup;
			children = (
				EC15795C20A57DFF0023FB1F /* Base */,
			);
			name = Main.storyboard;
			sourceTree = "<group>";
		};
		EC15796020A57E010023FB1F /* LaunchScreen.storyboard */ = {
			isa = PBXVariantGroup;
			children = (
				EC15796120A57E010023FB1F /* Base */,
			);
			name = LaunchScreen.storyboard;
			sourceTree = "<group>";
		};
/* End PBXVariantGroup section */

/* Begin XCBuildConfiguration section */
		EC15797C20A57E010023FB1F /* Debug */ = {
			isa = XCBuildConfiguration;
			buildSettings = {
				ALWAYS_SEARCH_USER_PATHS = NO;
				CLANG_ANALYZER_NONNULL = YES;
				CLANG_ANALYZER_NUMBER_OBJECT_CONVERSION = YES_AGGRESSIVE;
				CLANG_CXX_LANGUAGE_STANDARD = "gnu++14";
				CLANG_CXX_LIBRARY = "libc++";
				CLANG_ENABLE_MODULES = YES;
				CLANG_ENABLE_OBJC_ARC = YES;
				CLANG_ENABLE_OBJC_WEAK = YES;
				CLANG_WARN_BLOCK_CAPTURE_AUTORELEASING = YES;
				CLANG_WARN_BOOL_CONVERSION = YES;
				CLANG_WARN_COMMA = YES;
				CLANG_WARN_CONSTANT_CONVERSION = YES;
				CLANG_WARN_DEPRECATED_OBJC_IMPLEMENTATIONS = YES;
				CLANG_WARN_DIRECT_OBJC_ISA_USAGE = YES_ERROR;
				CLANG_WARN_DOCUMENTATION_COMMENTS = YES;
				CLANG_WARN_EMPTY_BODY = YES;
				CLANG_WARN_ENUM_CONVERSION = YES;
				CLANG_WARN_INFINITE_RECURSION = YES;
				CLANG_WARN_INT_CONVERSION = YES;
				CLANG_WARN_NON_LITERAL_NULL_CONVERSION = YES;
				CLANG_WARN_OBJC_IMPLICIT_RETAIN_SELF = YES;
				CLANG_WARN_OBJC_LITERAL_CONVERSION = YES;
				CLANG_WARN_OBJC_ROOT_CLASS = YES_ERROR;
				CLANG_WARN_RANGE_LOOP_ANALYSIS = YES;
				CLANG_WARN_STRICT_PROTOTYPES = YES;
				CLANG_WARN_SUSPICIOUS_MOVE = YES;
				CLANG_WARN_UNGUARDED_AVAILABILITY = YES_AGGRESSIVE;
				CLANG_WARN_UNREACHABLE_CODE = YES;
				CLANG_WARN__DUPLICATE_METHOD_MATCH = YES;
				CODE_SIGN_IDENTITY = "iPhone Developer";
				COPY_PHASE_STRIP = NO;
				DEBUG_INFORMATION_FORMAT = dwarf;
				ENABLE_STRICT_OBJC_MSGSEND = YES;
				ENABLE_TESTABILITY = YES;
				GCC_C_LANGUAGE_STANDARD = gnu11;
				GCC_DYNAMIC_NO_PIC = NO;
				GCC_NO_COMMON_BLOCKS = YES;
				GCC_OPTIMIZATION_LEVEL = 0;
				GCC_PREPROCESSOR_DEFINITIONS = (
					"DEBUG=1",
					"$(inherited)",
				);
				GCC_WARN_64_TO_32_BIT_CONVERSION = YES;
				GCC_WARN_ABOUT_RETURN_TYPE = YES_ERROR;
				GCC_WARN_UNDECLARED_SELECTOR = YES;
				GCC_WARN_UNINITIALIZED_AUTOS = YES_AGGRESSIVE;
				GCC_WARN_UNUSED_FUNCTION = YES;
				GCC_WARN_UNUSED_VARIABLE = YES;
				IPHONEOS_DEPLOYMENT_TARGET = 11.3;
				MTL_ENABLE_DEBUG_INFO = YES;
				ONLY_ACTIVE_ARCH = YES;
				SDKROOT = iphoneos;
			};
			name = Debug;
		};
		EC15797D20A57E010023FB1F /* Release */ = {
			isa = XCBuildConfiguration;
			buildSettings = {
				ALWAYS_SEARCH_USER_PATHS = NO;
				CLANG_ANALYZER_NONNULL = YES;
				CLANG_ANALYZER_NUMBER_OBJECT_CONVERSION = YES_AGGRESSIVE;
				CLANG_CXX_LANGUAGE_STANDARD = "gnu++14";
				CLANG_CXX_LIBRARY = "libc++";
				CLANG_ENABLE_MODULES = YES;
				CLANG_ENABLE_OBJC_ARC = YES;
				CLANG_ENABLE_OBJC_WEAK = YES;
				CLANG_WARN_BLOCK_CAPTURE_AUTORELEASING = YES;
				CLANG_WARN_BOOL_CONVERSION = YES;
				CLANG_WARN_COMMA = YES;
				CLANG_WARN_CONSTANT_CONVERSION = YES;
				CLANG_WARN_DEPRECATED_OBJC_IMPLEMENTATIONS = YES;
				CLANG_WARN_DIRECT_OBJC_ISA_USAGE = YES_ERROR;
				CLANG_WARN_DOCUMENTATION_COMMENTS = YES;
				CLANG_WARN_EMPTY_BODY = YES;
				CLANG_WARN_ENUM_CONVERSION = YES;
				CLANG_WARN_INFINITE_RECURSION = YES;
				CLANG_WARN_INT_CONVERSION = YES;
				CLANG_WARN_NON_LITERAL_NULL_CONVERSION = YES;
				CLANG_WARN_OBJC_IMPLICIT_RETAIN_SELF = YES;
				CLANG_WARN_OBJC_LITERAL_CONVERSION = YES;
				CLANG_WARN_OBJC_ROOT_CLASS = YES_ERROR;
				CLANG_WARN_RANGE_LOOP_ANALYSIS = YES;
				CLANG_WARN_STRICT_PROTOTYPES = YES;
				CLANG_WARN_SUSPICIOUS_MOVE = YES;
				CLANG_WARN_UNGUARDED_AVAILABILITY = YES_AGGRESSIVE;
				CLANG_WARN_UNREACHABLE_CODE = YES;
				CLANG_WARN__DUPLICATE_METHOD_MATCH = YES;
				CODE_SIGN_IDENTITY = "iPhone Developer";
				COPY_PHASE_STRIP = NO;
				DEBUG_INFORMATION_FORMAT = "dwarf-with-dsym";
				ENABLE_NS_ASSERTIONS = NO;
				ENABLE_STRICT_OBJC_MSGSEND = YES;
				GCC_C_LANGUAGE_STANDARD = gnu11;
				GCC_NO_COMMON_BLOCKS = YES;
				GCC_WARN_64_TO_32_BIT_CONVERSION = YES;
				GCC_WARN_ABOUT_RETURN_TYPE = YES_ERROR;
				GCC_WARN_UNDECLARED_SELECTOR = YES;
				GCC_WARN_UNINITIALIZED_AUTOS = YES_AGGRESSIVE;
				GCC_WARN_UNUSED_FUNCTION = YES;
				GCC_WARN_UNUSED_VARIABLE = YES;
				IPHONEOS_DEPLOYMENT_TARGET = 11.3;
				MTL_ENABLE_DEBUG_INFO = NO;
				SDKROOT = iphoneos;
				VALIDATE_PRODUCT = YES;
			};
			name = Release;
		};
		EC15797F20A57E010023FB1F /* Debug */ = {
			isa = XCBuildConfiguration;
			buildSettings = {
				ASSETCATALOG_COMPILER_APPICON_NAME = AppIcon;
				CODE_SIGN_STYLE = Automatic;
				INFOPLIST_FILE = fun/Info.plist;
				LD_RUNPATH_SEARCH_PATHS = (
					"$(inherited)",
					"@executable_path/Frameworks",
				);
				PRODUCT_BUNDLE_IDENTIFIER = "mr-li.fun";
				PRODUCT_NAME = "$(TARGET_NAME)";
				TARGETED_DEVICE_FAMILY = "1,2";
			};
			name = Debug;
		};
		EC15798020A57E010023FB1F /* Release */ = {
			isa = XCBuildConfiguration;
			buildSettings = {
				ASSETCATALOG_COMPILER_APPICON_NAME = AppIcon;
				CODE_SIGN_STYLE = Automatic;
				INFOPLIST_FILE = fun/Info.plist;
				LD_RUNPATH_SEARCH_PATHS = (
					"$(inherited)",
					"@executable_path/Frameworks",
				);
				PRODUCT_BUNDLE_IDENTIFIER = "mr-li.fun";
				PRODUCT_NAME = "$(TARGET_NAME)";
				TARGETED_DEVICE_FAMILY = "1,2";
			};
			name = Release;
		};
		EC15798220A57E010023FB1F /* Debug */ = {
			isa = XCBuildConfiguration;
			buildSettings = {
				BUNDLE_LOADER = "$(TEST_HOST)";
				CODE_SIGN_STYLE = Automatic;
				INFOPLIST_FILE = funTests/Info.plist;
				LD_RUNPATH_SEARCH_PATHS = (
					"$(inherited)",
					"@executable_path/Frameworks",
					"@loader_path/Frameworks",
				);
				PRODUCT_BUNDLE_IDENTIFIER = "mr-li.funTests";
				PRODUCT_NAME = "$(TARGET_NAME)";
				TARGETED_DEVICE_FAMILY = "1,2";
				TEST_HOST = "$(BUILT_PRODUCTS_DIR)/fun.app/fun";
			};
			name = Debug;
		};
		EC15798320A57E010023FB1F /* Release */ = {
			isa = XCBuildConfiguration;
			buildSettings = {
				BUNDLE_LOADER = "$(TEST_HOST)";
				CODE_SIGN_STYLE = Automatic;
				INFOPLIST_FILE = funTests/Info.plist;
				LD_RUNPATH_SEARCH_PATHS = (
					"$(inherited)",
					"@executable_path/Frameworks",
					"@loader_path/Frameworks",
				);
				PRODUCT_BUNDLE_IDENTIFIER = "mr-li.funTests";
				PRODUCT_NAME = "$(TARGET_NAME)";
				TARGETED_DEVICE_FAMILY = "1,2";
				TEST_HOST = "$(BUILT_PRODUCTS_DIR)/fun.app/fun";
			};
			name = Release;
		};
		EC15798520A57E010023FB1F /* Debug */ = {
			isa = XCBuildConfiguration;
			buildSettings = {
				CODE_SIGN_STYLE = Automatic;
				INFOPLIST_FILE = funUITests/Info.plist;
				LD_RUNPATH_SEARCH_PATHS = (
					"$(inherited)",
					"@executable_path/Frameworks",
					"@loader_path/Frameworks",
				);
				PRODUCT_BUNDLE_IDENTIFIER = "mr-li.funUITests";
				PRODUCT_NAME = "$(TARGET_NAME)";
				TARGETED_DEVICE_FAMILY = "1,2";
				TEST_TARGET_NAME = fun;
			};
			name = Debug;
		};
		EC15798620A57E010023FB1F /* Release */ = {
			isa = XCBuildConfiguration;
			buildSettings = {
				CODE_SIGN_STYLE = Automatic;
				INFOPLIST_FILE = funUITests/Info.plist;
				LD_RUNPATH_SEARCH_PATHS = (
					"$(inherited)",
					"@executable_path/Frameworks",
					"@loader_path/Frameworks",
				);
				PRODUCT_BUNDLE_IDENTIFIER = "mr-li.funUITests";
				PRODUCT_NAME = "$(TARGET_NAME)";
				TARGETED_DEVICE_FAMILY = "1,2";
				TEST_TARGET_NAME = fun;
			};
			name = Release;
		};
/* End XCBuildConfiguration section */

/* Begin XCConfigurationList section */
		EC15794D20A57DFE0023FB1F /* Build configuration list for PBXProject "fun" */ = {
			isa = XCConfigurationList;
			buildConfigurations = (
				EC15797C20A57E010023FB1F /* Debug */,
				EC15797D20A57E010023FB1F /* Release */,
			);
			defaultConfigurationIsVisible = 0;
			defaultConfigurationName = Release;
		};
		EC15797E20A57E010023FB1F /* Build configuration list for PBXNativeTarget "fun" */ = {
			isa = XCConfigurationList;
			buildConfigurations = (
				EC15797F20A57E010023FB1F /* Debug */,
				EC15798020A57E010023FB1F /* Release */,
			);
			defaultConfigurationIsVisible = 0;
			defaultConfigurationName = Release;
		};
		EC15798120A57E010023FB1F /* Build configuration list for PBXNativeTarget "funTests" */ = {
			isa = XCConfigurationList;
			buildConfigurations = (
				EC15798220A57E010023FB1F /* Debug */,
				EC15798320A57E010023FB1F /* Release */,
			);
			defaultConfigurationIsVisible = 0;
			defaultConfigurationName = Release;
		};
		EC15798420A57E010023FB1F /* Build configuration list for PBXNativeTarget "funUITests" */ = {
			isa = XCConfigurationList;
			buildConfigurations = (
				EC15798520A57E010023FB1F /* Debug */,
				EC15798620A57E010023FB1F /* Release */,
			);
			defaultConfigurationIsVisible = 0;
			defaultConfigurationName = Release;
		};
/* End XCConfigurationList section */
	};
	rootObject = EC15794A20A57DFE0023FB1F /* Project object */;
}
